
Microsoft Visual Studio Solution File, Format Version 12.00
# Visual Studio Version 16
VisualStudioVersion = 16.0.31105.61
MinimumVisualStudioVersion = 10.0.40219.1
Project("{FAE04EC0-301F-11D3-BF4B-00C04F79EFBC}") = "CadastroExemplo-Asp-Net-Mvc", "CadastroExemplo-Asp-Net-Mvc\CadastroExemplo-Asp-Net-Mvc.csproj", "{AB1C734B-2B86-4CB8-9816-F1AC9F9E9F0D}"
EndProject
Global
	GlobalSection(SolutionConfigurationPlatforms) = preSolution
		Debug|Any CPU = Debug|Any CPU
		Release|Any CPU = Release|Any CPU
	EndGlobalSection
	GlobalSection(ProjectConfigurationPlatforms) = postSolution
		{AB1C734B-2B86-4CB8-9816-F1AC9F9E9F0D}.Debug|Any CPU.ActiveCfg = Debug|Any CPU
		{AB1C734B-2B86-4CB8-9816-F1AC9F9E9F0D}.Debug|Any CPU.Build.0 = Debug|Any CPU
		{AB1C734B-2B86-4CB8-9816-F1AC9F9E9F0D}.Release|Any CPU.ActiveCfg = Release|Any CPU
		{AB1C734B-2B86-4CB8-9816-F1AC9F9E9F0D}.Release|Any CPU.Build.0 = Release|Any CPU
	EndGlobalSection
	GlobalSection(SolutionProperties) = preSolution
		HideSolutionNode = FALSE
	EndGlobalSection
	GlobalSection(ExtensibilityGlobals) = postSolution
		SolutionGuid = {3AAD9673-8205-4B4B-BCB8-CACC8237F72C}
	EndGlobalSection
EndGlobal
